
Microsoft Visual Studio Solution File, Format Version 12.00
# Visual Studio 14
VisualStudioVersion = 14.0.25420.1
MinimumVisualStudioVersion = 10.0.40219.1
Project("{8BB2217D-0F2D-49D1-97BC-3654ED321F3B}") = "DaxnetBlog.Common", "DaxnetBlog.Common\DaxnetBlog.Common.xproj", "{6333CD30-13C2-4137-B14F-D32632F6E72A}"
EndProject
Project("{8BB2217D-0F2D-49D1-97BC-3654ED321F3B}") = "DaxnetBlog.Domain", "DaxnetBlog.Domain\DaxnetBlog.Domain.xproj", "{6D851C1D-5887-479C-AE9F-665B731E2834}"
EndProject
Project("{8BB2217D-0F2D-49D1-97BC-3654ED321F3B}") = "DaxnetBlog.Storage.SqlServer", "DaxnetBlog.Storage.SqlServer\DaxnetBlog.Storage.SqlServer.xproj", "{C9D1081F-84D4-493A-A374-6D776B255C91}"
EndProject
Project("{8BB2217D-0F2D-49D1-97BC-3654ED321F3B}") = "DaxnetBlog.WebServices", "DaxnetBlog.WebServices\DaxnetBlog.WebServices.xproj", "{20D33F01-7E8D-4500-96F5-4ADA8D93F9AC}"
EndProject
Project("{8BB2217D-0F2D-49D1-97BC-3654ED321F3B}") = "DaxnetBlog.Domain.EntityStore", "DaxnetBlog.Domain.EntityStore\DaxnetBlog.Domain.EntityStore.xproj", "{D6323EC6-0C6F-42B3-9FFA-5A3ECD604329}"
EndProject
Global
	GlobalSection(SolutionConfigurationPlatforms) = preSolution
		Debug|Any CPU = Debug|Any CPU
		Release|Any CPU = Release|Any CPU
	EndGlobalSection
	GlobalSection(ProjectConfigurationPlatforms) = postSolution
		{6333CD30-13C2-4137-B14F-D32632F6E72A}.Debug|Any CPU.ActiveCfg = Debug|Any CPU
		{6333CD30-13C2-4137-B14F-D32632F6E72A}.Debug|Any CPU.Build.0 = Debug|Any CPU
		{6333CD30-13C2-4137-B14F-D32632F6E72A}.Release|Any CPU.ActiveCfg = Release|Any CPU
		{6333CD30-13C2-4137-B14F-D32632F6E72A}.Release|Any CPU.Build.0 = Release|Any CPU
		{6D851C1D-5887-479C-AE9F-665B731E2834}.Debug|Any CPU.ActiveCfg = Debug|Any CPU
		{6D851C1D-5887-479C-AE9F-665B731E2834}.Debug|Any CPU.Build.0 = Debug|Any CPU
		{6D851C1D-5887-479C-AE9F-665B731E2834}.Release|Any CPU.ActiveCfg = Release|Any CPU
		{6D851C1D-5887-479C-AE9F-665B731E2834}.Release|Any CPU.Build.0 = Release|Any CPU
		{C9D1081F-84D4-493A-A374-6D776B255C91}.Debug|Any CPU.ActiveCfg = Debug|Any CPU
		{C9D1081F-84D4-493A-A374-6D776B255C91}.Debug|Any CPU.Build.0 = Debug|Any CPU
		{C9D1081F-84D4-493A-A374-6D776B255C91}.Release|Any CPU.ActiveCfg = Release|Any CPU
		{C9D1081F-84D4-493A-A374-6D776B255C91}.Release|Any CPU.Build.0 = Release|Any CPU
		{20D33F01-7E8D-4500-96F5-4ADA8D93F9AC}.Debug|Any CPU.ActiveCfg = Debug|Any CPU
		{20D33F01-7E8D-4500-96F5-4ADA8D93F9AC}.Debug|Any CPU.Build.0 = Debug|Any CPU
		{20D33F01-7E8D-4500-96F5-4ADA8D93F9AC}.Release|Any CPU.ActiveCfg = Release|Any CPU
		{20D33F01-7E8D-4500-96F5-4ADA8D93F9AC}.Release|Any CPU.Build.0 = Release|Any CPU
		{D6323EC6-0C6F-42B3-9FFA-5A3ECD604329}.Debug|Any CPU.ActiveCfg = Debug|Any CPU
		{D6323EC6-0C6F-42B3-9FFA-5A3ECD604329}.Debug|Any CPU.Build.0 = Debug|Any CPU
		{D6323EC6-0C6F-42B3-9FFA-5A3ECD604329}.Release|Any CPU.ActiveCfg = Release|Any CPU
		{D6323EC6-0C6F-42B3-9FFA-5A3ECD604329}.Release|Any CPU.Build.0 = Release|Any CPU
	EndGlobalSection
	GlobalSection(SolutionProperties) = preSolution
		HideSolutionNode = FALSE
	EndGlobalSection
EndGlobal
